lockfileVersion: 5.4

specifiers:
  '@types/es6-promisify': ^6.0.4
  es6-promisify: ^7.0.0
  localforage: ^1.10.0
  tslib: ^2.6.2
  typescript: ^5.3.3

dependencies:
  es6-promisify: 7.0.0
  localforage: 1.10.0
  tslib: 2.6.2

devDependencies:
  '@types/es6-promisify': 6.0.4
  typescript: 5.3.3

packages:

  /@types/es6-promisify/6.0.4:
    resolution: {integrity: sha512-dvDNKIo2iH/CV567kk4eXCWfrR6FMeDes2uwSNDysKpBjQTCp0G2p/ViQNVKt0V+VlUgR9hlW0SyIxAK7l7MgA==}
    dev: true

  /es6-promisify/7.0.0:
    resolution: {integrity: sha512-ginqzK3J90Rd4/Yz7qRrqUeIpe3TwSXTPPZtPne7tGBPeAaQiU8qt4fpKApnxHcq1AwtUdHVg5P77x/yrggG8Q==}
    engines: {node: '>=6'}
    dev: false

  /immediate/3.0.6:
    resolution: {integrity: sha512-XXOFtyqDjNDAQxVfYxuF7g9Il/IbWmmlQg2MYKOH8ExIT1qg6xc4zyS3HaEEATgs1btfzxq15ciUiY7gjSXRGQ==}
    dev: false

  /lie/3.1.1:
    resolution: {integrity: sha512-RiNhHysUjhrDQntfYSfY4MU24coXXdEOgw9WGcKHNeEwffDYbF//u87M1EWaMGzuFoSbqW0C9C6lEEhDOAswfw==}
    dependencies:
      immediate: 3.0.6
    dev: false

  /localforage/1.10.0:
    resolution: {integrity: sha512-14/H1aX7hzBBmmh7sGPd+AOMkkIrHM3Z1PAyGgZigA1H1p5O5ANnMyWzvpAETtG68/dC4pC0ncy3+PPGzXZHPg==}
    dependencies:
      lie: 3.1.1
    dev: false

  /tslib/2.6.2:
    resolution: {integrity: sha512-AEYxH93jGFPn/a2iVAwW87VuUIkR1FVUKB77NwMF7nBTDkDrrT/Hpt/IrCJ0QXhW27jTBDcf5ZY7w6RiqTMw2Q==}
    dev: false

  /typescript/5.3.3:
    resolution: {integrity: sha512-pXWcraxM0uxAS+tN0AG/BF2TyqmHO014Z070UsJ+pFvYuRSq8KH8DmWpnbXe0pEPDHXZV3FcAbJkijJ5oNEnWw==}
    engines: {node: '>=14.17'}
    hasBin: true
    dev: true
